
Microsoft Visual Studio Solution File, Format Version 12.00
# Visual Studio Version 16
VisualStudioVersion = 16.0.30523.141
MinimumVisualStudioVersion = 10.0.40219.1
Project("{9A19103F-16F7-4668-BE54-9A1E7A4F7556}") = "Common.Logging", "Common.Logging\Common.Logging.csproj", "{35EBC060-3713-426F-A792-E7FA2E8D53FC}"
EndProject
Project("{9A19103F-16F7-4668-BE54-9A1E7A4F7556}") = "Common.Logging.Core", "Common.Logging.Core\Common.Logging.Core.csproj", "{0D0E4795-E27F-4D9D-A583-04D72F791795}"
EndProject
Project("{9A19103F-16F7-4668-BE54-9A1E7A4F7556}") = "Common.Logging.NLog47", "Common.Logging.NLog47\Common.Logging.NLog47.csproj", "{E8DA00DF-5338-4BE2-B6E2-C412435CC341}"
EndProject
Project("{FAE04EC0-301F-11D3-BF4B-00C04F79EFBC}") = "Common.Logging.Test", "Common.Logging.Test\Common.Logging.Test.csproj", "{51E6CA8E-31FB-4A22-BAB7-47E31B10F5F6}"
EndProject
Global
	GlobalSection(SolutionConfigurationPlatforms) = preSolution
		Debug|Any CPU = Debug|Any CPU
		Release|Any CPU = Release|Any CPU
	EndGlobalSection
	GlobalSection(ProjectConfigurationPlatforms) = postSolution
		{35EBC060-3713-426F-A792-E7FA2E8D53FC}.Debug|Any CPU.ActiveCfg = Debug|Any CPU
		{35EBC060-3713-426F-A792-E7FA2E8D53FC}.Debug|Any CPU.Build.0 = Debug|Any CPU
		{35EBC060-3713-426F-A792-E7FA2E8D53FC}.Release|Any CPU.ActiveCfg = Release|Any CPU
		{35EBC060-3713-426F-A792-E7FA2E8D53FC}.Release|Any CPU.Build.0 = Release|Any CPU
		{0D0E4795-E27F-4D9D-A583-04D72F791795}.Debug|Any CPU.ActiveCfg = Debug|Any CPU
		{0D0E4795-E27F-4D9D-A583-04D72F791795}.Debug|Any CPU.Build.0 = Debug|Any CPU
		{0D0E4795-E27F-4D9D-A583-04D72F791795}.Release|Any CPU.ActiveCfg = Release|Any CPU
		{0D0E4795-E27F-4D9D-A583-04D72F791795}.Release|Any CPU.Build.0 = Release|Any CPU
		{E8DA00DF-5338-4BE2-B6E2-C412435CC341}.Debug|Any CPU.ActiveCfg = Debug|Any CPU
		{E8DA00DF-5338-4BE2-B6E2-C412435CC341}.Debug|Any CPU.Build.0 = Debug|Any CPU
		{E8DA00DF-5338-4BE2-B6E2-C412435CC341}.Release|Any CPU.ActiveCfg = Release|Any CPU
		{E8DA00DF-5338-4BE2-B6E2-C412435CC341}.Release|Any CPU.Build.0 = Release|Any CPU
		{51E6CA8E-31FB-4A22-BAB7-47E31B10F5F6}.Debug|Any CPU.ActiveCfg = Debug|Any CPU
		{51E6CA8E-31FB-4A22-BAB7-47E31B10F5F6}.Debug|Any CPU.Build.0 = Debug|Any CPU
		{51E6CA8E-31FB-4A22-BAB7-47E31B10F5F6}.Release|Any CPU.ActiveCfg = Release|Any CPU
		{51E6CA8E-31FB-4A22-BAB7-47E31B10F5F6}.Release|Any CPU.Build.0 = Release|Any CPU
	EndGlobalSection
	GlobalSection(SolutionProperties) = preSolution
		HideSolutionNode = FALSE
	EndGlobalSection
	GlobalSection(ExtensibilityGlobals) = postSolution
		SolutionGuid = {D728B09F-00EF-4709-B35D-8AEA711BFEAA}
	EndGlobalSection
EndGlobal
